
Microsoft Visual Studio Solution File, Format Version 12.00
# Visual Studio Version 17
VisualStudioVersion = 17.2.32526.322
MinimumVisualStudioVersion = 10.0.40219.1
Project("{FAE04EC0-301F-11D3-BF4B-00C04F79EFBC}") = "HW15Wpf", "HW15Wpf\HW15Wpf.csproj", "{7D1A892F-3F83-47C9-849E-625361ED462B}"
EndProject
Global
	GlobalSection(SolutionConfigurationPlatforms) = preSolution
		Debug|Any CPU = Debug|Any CPU
		Release|Any CPU = Release|Any CPU
	EndGlobalSection
	GlobalSection(ProjectConfigurationPlatforms) = postSolution
		{7D1A892F-3F83-47C9-849E-625361ED462B}.Debug|Any CPU.ActiveCfg = Debug|Any CPU
		{7D1A892F-3F83-47C9-849E-625361ED462B}.Debug|Any CPU.Build.0 = Debug|Any CPU
		{7D1A892F-3F83-47C9-849E-625361ED462B}.Release|Any CPU.ActiveCfg = Release|Any CPU
		{7D1A892F-3F83-47C9-849E-625361ED462B}.Release|Any CPU.Build.0 = Release|Any CPU
	EndGlobalSection
	GlobalSection(SolutionProperties) = preSolution
		HideSolutionNode = FALSE
	EndGlobalSection
	GlobalSection(ExtensibilityGlobals) = postSolution
		SolutionGuid = {27468525-5B15-43C7-B40C-E6A57444ADA6}
	EndGlobalSection
EndGlobal
